
Microsoft Visual Studio Solution File, Format Version 12.00
# Visual Studio Version 17
VisualStudioVersion = 17.14.36429.23
MinimumVisualStudioVersion = 10.0.40219.1
Project("{2150E333-8FDC-42A3-9474-1A3956D46DE8}") = "Task0", "Task0", "{02EA681E-C7D8-13C7-8484-4AC65E1B71E8}"
EndProject
Project("{FAE04EC0-301F-11D3-BF4B-00C04F79EFBC}") = "Tyuiu.VlasenkoAE.Sprint1.Task0.V24", "Tyuiu.VlasenkoAE.Sprint1.Task0.V24\Tyuiu.VlasenkoAE.Sprint1.Task0.V24.csproj", "{003CD32D-E7B3-4A36-B4A4-A8EEED262A3D}"
EndProject
Project("{FAE04EC0-301F-11D3-BF4B-00C04F79EFBC}") = "Tyuiu.VlasenkoAE.Sprint1.Task0.V24.Lib", "Tyuiu.VlasenkoAE.Sprint1.Task0.V24.Lib\Tyuiu.VlasenkoAE.Sprint1.Task0.V24.Lib.csproj", "{2B433A35-3ECC-42C9-8142-D385FFFBEEA5}"
EndProject
Project("{FAE04EC0-301F-11D3-BF4B-00C04F79EFBC}") = "Tyuiu.VlasenkoAE.Sprint1.Task0.V24.Test", "Tyuiu.VlasenkoAE.Sprint1.Task0.V24.Test\Tyuiu.VlasenkoAE.Sprint1.Task0.V24.Test.csproj", "{F84F91A5-016F-467E-8580-8FA16F8DC5B6}"
EndProject
Project("{2150E333-8FDC-42A3-9474-1A3956D46DE8}") = "Task1", "Task1", "{38EE06E0-448A-41F9-875F-9BF02187B93D}"
EndProject
Project("{FAE04EC0-301F-11D3-BF4B-00C04F79EFBC}") = "Tyuiu.VlasenkoAE.Sprint1.Task1.V1", "Tyuiu.VlasenkoAE.Sprint1.Task1.V1\Tyuiu.VlasenkoAE.Sprint1.Task1.V1.csproj", "{D99EFF39-ACC1-43E1-885D-DC8F85A2761E}"
EndProject
Project("{FAE04EC0-301F-11D3-BF4B-00C04F79EFBC}") = "Tyuiu.VlasenkoAE.Sprint1.Task1.V1.Lib", "Tyuiu.VlasenkoAE.Sprint1.Task1.V1.Lib\Tyuiu.VlasenkoAE.Sprint1.Task1.V1.Lib.csproj", "{5FCC12C9-1D1B-4D2E-87B5-DCCE5F484B5E}"
EndProject
Project("{FAE04EC0-301F-11D3-BF4B-00C04F79EFBC}") = "Tyuiu.VlasenkoAE.Sprint1.Task1.V1.Test", "Tyuiu.VlasenkoAE.Sprint1.Task1.V1.Test\Tyuiu.VlasenkoAE.Sprint1.Task1.V1.Test.csproj", "{A7D2BE5D-8FF0-4F0F-A0EF-DE02A3A335C6}"
EndProject
Project("{2150E333-8FDC-42A3-9474-1A3956D46DE8}") = "Task2", "Task2", "{9E2B040E-E199-43E3-80A3-69D4DAAB3F70}"
EndProject
Project("{FAE04EC0-301F-11D3-BF4B-00C04F79EFBC}") = "Tyuiu.VlasenkoAE.Sprint1.Task2.V25", "Tyuiu.VlasenkoAE.Sprint1.Task2.V25\Tyuiu.VlasenkoAE.Sprint1.Task2.V25.csproj", "{638047D4-DFB9-46D8-83C8-5756146AFFE7}"
EndProject
Project("{FAE04EC0-301F-11D3-BF4B-00C04F79EFBC}") = "Tyuiu.VlasenkoAE.Sprint1.Task2.V25.Lib", "Tyuiu.VlasenkoAE.Sprint1.Task2.V25.Lib\Tyuiu.VlasenkoAE.Sprint1.Task2.V25.Lib.csproj", "{E3E3A69D-DFBA-4BA2-A26B-B79A6ED83C08}"
EndProject
Project("{FAE04EC0-301F-11D3-BF4B-00C04F79EFBC}") = "Tyuiu.VlasenkoAE.Sprint1.Task2.V25.Test", "Tyuiu.VlasenkoAE.Sprint1.Task2.V25.Test\Tyuiu.VlasenkoAE.Sprint1.Task2.V25.Test.csproj", "{9D46401F-3874-4937-BC55-9C38EFDC75DD}"
EndProject
Project("{2150E333-8FDC-42A3-9474-1A3956D46DE8}") = "Task3", "Task3", "{1AB14F64-52D4-430D-A7C3-901908216552}"
EndProject
Project("{FAE04EC0-301F-11D3-BF4B-00C04F79EFBC}") = "Tyuiu.VlasenkoAE.Sprint1.Task3.V16", "Tyuiu.VlasenkoAE.Sprint1.Task3.V16\Tyuiu.VlasenkoAE.Sprint1.Task3.V16.csproj", "{2D232664-AFC6-4DC7-B471-1122EAD4FF7F}"
EndProject
Project("{FAE04EC0-301F-11D3-BF4B-00C04F79EFBC}") = "Tyuiu.VlasenkoAE.Sprint1.Task3.V16.Lib", "Tyuiu.VlasenkoAE.Sprint1.Task3.V16.Lib\Tyuiu.VlasenkoAE.Sprint1.Task3.V16.Lib.csproj", "{7504B925-1FB4-4474-9FB1-80596E9DF4DF}"
EndProject
Project("{FAE04EC0-301F-11D3-BF4B-00C04F79EFBC}") = "Tyuiu.VlasenkoAE.Sprint1.Task3.V16.Test", "Tyuiu.VlasenkoAE.Sprint1.Task3.V16.Test\Tyuiu.VlasenkoAE.Sprint1.Task3.V16.Test.csproj", "{3B4DE1F8-11C3-43EA-BFCD-1321A4DA7B71}"
EndProject
Project("{2150E333-8FDC-42A3-9474-1A3956D46DE8}") = "Task4", "Task4", "{493CBA6E-87EE-4B43-952B-8371418E6605}"
EndProject
Project("{FAE04EC0-301F-11D3-BF4B-00C04F79EFBC}") = "Tyuiu.VlasenkoAE.Sprint1.Task4.V17", "Tyuiu.VlasenkoAE.Sprint1.Task4.V17\Tyuiu.VlasenkoAE.Sprint1.Task4.V17.csproj", "{ABACCC37-C554-4FD8-A6B2-7F513A861B2F}"
EndProject
Project("{FAE04EC0-301F-11D3-BF4B-00C04F79EFBC}") = "Tyuiu.VlasenkoAE.Sprint1.Task4.V17.Lib", "Tyuiu.VlasenkoAE.Sprint1.Task4.V17.Lib\Tyuiu.VlasenkoAE.Sprint1.Task4.V17.Lib.csproj", "{0FE0B738-50CD-4B7B-A3DF-23C9CB9455A3}"
EndProject
Project("{FAE04EC0-301F-11D3-BF4B-00C04F79EFBC}") = "Tyuiu.VlasenkoAE.Sprint1.Task4.V17.Test", "Tyuiu.VlasenkoAE.Sprint1.Task4.V17.Test\Tyuiu.VlasenkoAE.Sprint1.Task4.V17.Test.csproj", "{813972D4-D762-4DEA-85F6-6A375669049C}"
EndProject
Global
	GlobalSection(SolutionConfigurationPlatforms) = preSolution
		Debug|Any CPU = Debug|Any CPU
		Release|Any CPU = Release|Any CPU
	EndGlobalSection
	GlobalSection(ProjectConfigurationPlatforms) = postSolution
		{003CD32D-E7B3-4A36-B4A4-A8EEED262A3D}.Debug|Any CPU.ActiveCfg = Debug|Any CPU
		{003CD32D-E7B3-4A36-B4A4-A8EEED262A3D}.Debug|Any CPU.Build.0 = Debug|Any CPU
		{003CD32D-E7B3-4A36-B4A4-A8EEED262A3D}.Release|Any CPU.ActiveCfg = Release|Any CPU
		{003CD32D-E7B3-4A36-B4A4-A8EEED262A3D}.Release|Any CPU.Build.0 = Release|Any CPU
		{2B433A35-3ECC-42C9-8142-D385FFFBEEA5}.Debug|Any CPU.ActiveCfg = Debug|Any CPU
		{2B433A35-3ECC-42C9-8142-D385FFFBEEA5}.Debug|Any CPU.Build.0 = Debug|Any CPU
		{2B433A35-3ECC-42C9-8142-D385FFFBEEA5}.Release|Any CPU.ActiveCfg = Release|Any CPU
		{2B433A35-3ECC-42C9-8142-D385FFFBEEA5}.Release|Any CPU.Build.0 = Release|Any CPU
		{F84F91A5-016F-467E-8580-8FA16F8DC5B6}.Debug|Any CPU.ActiveCfg = Debug|Any CPU
		{F84F91A5-016F-467E-8580-8FA16F8DC5B6}.Debug|Any CPU.Build.0 = Debug|Any CPU
		{F84F91A5-016F-467E-8580-8FA16F8DC5B6}.Release|Any CPU.ActiveCfg = Release|Any CPU
		{F84F91A5-016F-467E-8580-8FA16F8DC5B6}.Release|Any CPU.Build.0 = Release|Any CPU
		{D99EFF39-ACC1-43E1-885D-DC8F85A2761E}.Debug|Any CPU.ActiveCfg = Debug|Any CPU
		{D99EFF39-ACC1-43E1-885D-DC8F85A2761E}.Debug|Any CPU.Build.0 = Debug|Any CPU
		{D99EFF39-ACC1-43E1-885D-DC8F85A2761E}.Release|Any CPU.ActiveCfg = Release|Any CPU
		{D99EFF39-ACC1-43E1-885D-DC8F85A2761E}.Release|Any CPU.Build.0 = Release|Any CPU
		{5FCC12C9-1D1B-4D2E-87B5-DCCE5F484B5E}.Debug|Any CPU.ActiveCfg = Debug|Any CPU
		{5FCC12C9-1D1B-4D2E-87B5-DCCE5F484B5E}.Debug|Any CPU.Build.0 = Debug|Any CPU
		{5FCC12C9-1D1B-4D2E-87B5-DCCE5F484B5E}.Release|Any CPU.ActiveCfg = Release|Any CPU
		{5FCC12C9-1D1B-4D2E-87B5-DCCE5F484B5E}.Release|Any CPU.Build.0 = Release|Any CPU
		{A7D2BE5D-8FF0-4F0F-A0EF-DE02A3A335C6}.Debug|Any CPU.ActiveCfg = Debug|Any CPU
		{A7D2BE5D-8FF0-4F0F-A0EF-DE02A3A335C6}.Debug|Any CPU.Build.0 = Debug|Any CPU
		{A7D2BE5D-8FF0-4F0F-A0EF-DE02A3A335C6}.Release|Any CPU.ActiveCfg = Release|Any CPU
		{A7D2BE5D-8FF0-4F0F-A0EF-DE02A3A335C6}.Release|Any CPU.Build.0 = Release|Any CPU
		{638047D4-DFB9-46D8-83C8-5756146AFFE7}.Debug|Any CPU.ActiveCfg = Debug|Any CPU
		{638047D4-DFB9-46D8-83C8-5756146AFFE7}.Debug|Any CPU.Build.0 = Debug|Any CPU
		{638047D4-DFB9-46D8-83C8-5756146AFFE7}.Release|Any CPU.ActiveCfg = Release|Any CPU
		{638047D4-DFB9-46D8-83C8-5756146AFFE7}.Release|Any CPU.Build.0 = Release|Any CPU
		{E3E3A69D-DFBA-4BA2-A26B-B79A6ED83C08}.Debug|Any CPU.ActiveCfg = Debug|Any CPU
		{E3E3A69D-DFBA-4BA2-A26B-B79A6ED83C08}.Debug|Any CPU.Build.0 = Debug|Any CPU
		{E3E3A69D-DFBA-4BA2-A26B-B79A6ED83C08}.Release|Any CPU.ActiveCfg = Release|Any CPU
		{E3E3A69D-DFBA-4BA2-A26B-B79A6ED83C08}.Release|Any CPU.Build.0 = Release|Any CPU
		{9D46401F-3874-4937-BC55-9C38EFDC75DD}.Debug|Any CPU.ActiveCfg = Debug|Any CPU
		{9D46401F-3874-4937-BC55-9C38EFDC75DD}.Debug|Any CPU.Build.0 = Debug|Any CPU
		{9D46401F-3874-4937-BC55-9C38EFDC75DD}.Release|Any CPU.ActiveCfg = Release|Any CPU
		{9D46401F-3874-4937-BC55-9C38EFDC75DD}.Release|Any CPU.Build.0 = Release|Any CPU
		{2D232664-AFC6-4DC7-B471-1122EAD4FF7F}.Debug|Any CPU.ActiveCfg = Debug|Any CPU
		{2D232664-AFC6-4DC7-B471-1122EAD4FF7F}.Debug|Any CPU.Build.0 = Debug|Any CPU
		{2D232664-AFC6-4DC7-B471-1122EAD4FF7F}.Release|Any CPU.ActiveCfg = Release|Any CPU
		{2D232664-AFC6-4DC7-B471-1122EAD4FF7F}.Release|Any CPU.Build.0 = Release|Any CPU
		{7504B925-1FB4-4474-9FB1-80596E9DF4DF}.Debug|Any CPU.ActiveCfg = Debug|Any CPU
		{7504B925-1FB4-4474-9FB1-80596E9DF4DF}.Debug|Any CPU.Build.0 = Debug|Any CPU
		{7504B925-1FB4-4474-9FB1-80596E9DF4DF}.Release|Any CPU.ActiveCfg = Release|Any CPU
		{7504B925-1FB4-4474-9FB1-80596E9DF4DF}.Release|Any CPU.Build.0 = Release|Any CPU
		{3B4DE1F8-11C3-43EA-BFCD-1321A4DA7B71}.Debug|Any CPU.ActiveCfg = Debug|Any CPU
		{3B4DE1F8-11C3-43EA-BFCD-1321A4DA7B71}.Debug|Any CPU.Build.0 = Debug|Any CPU
		{3B4DE1F8-11C3-43EA-BFCD-1321A4DA7B71}.Release|Any CPU.ActiveCfg = Release|Any CPU
		{3B4DE1F8-11C3-43EA-BFCD-1321A4DA7B71}.Release|Any CPU.Build.0 = Release|Any CPU
		{ABACCC37-C554-4FD8-A6B2-7F513A861B2F}.Debug|Any CPU.ActiveCfg = Debug|Any CPU
		{ABACCC37-C554-4FD8-A6B2-7F513A861B2F}.Debug|Any CPU.Build.0 = Debug|Any CPU
		{ABACCC37-C554-4FD8-A6B2-7F513A861B2F}.Release|Any CPU.ActiveCfg = Release|Any CPU
		{ABACCC37-C554-4FD8-A6B2-7F513A861B2F}.Release|Any CPU.Build.0 = Release|Any CPU
		{0FE0B738-50CD-4B7B-A3DF-23C9CB9455A3}.Debug|Any CPU.ActiveCfg = Debug|Any CPU
		{0FE0B738-50CD-4B7B-A3DF-23C9CB9455A3}.Debug|Any CPU.Build.0 = Debug|Any CPU
		{0FE0B738-50CD-4B7B-A3DF-23C9CB9455A3}.Release|Any CPU.ActiveCfg = Release|Any CPU
		{0FE0B738-50CD-4B7B-A3DF-23C9CB9455A3}.Release|Any CPU.Build.0 = Release|Any CPU
		{813972D4-D762-4DEA-85F6-6A375669049C}.Debug|Any CPU.ActiveCfg = Debug|Any CPU
		{813972D4-D762-4DEA-85F6-6A375669049C}.Debug|Any CPU.Build.0 = Debug|Any CPU
		{813972D4-D762-4DEA-85F6-6A375669049C}.Release|Any CPU.ActiveCfg = Release|Any CPU
		{813972D4-D762-4DEA-85F6-6A375669049C}.Release|Any CPU.Build.0 = Release|Any CPU
	EndGlobalSection
	GlobalSection(SolutionProperties) = preSolution
		HideSolutionNode = FALSE
	EndGlobalSection
	GlobalSection(NestedProjects) = preSolution
		{003CD32D-E7B3-4A36-B4A4-A8EEED262A3D} = {02EA681E-C7D8-13C7-8484-4AC65E1B71E8}
		{2B433A35-3ECC-42C9-8142-D385FFFBEEA5} = {02EA681E-C7D8-13C7-8484-4AC65E1B71E8}
		{F84F91A5-016F-467E-8580-8FA16F8DC5B6} = {02EA681E-C7D8-13C7-8484-4AC65E1B71E8}
		{D99EFF39-ACC1-43E1-885D-DC8F85A2761E} = {38EE06E0-448A-41F9-875F-9BF02187B93D}
		{5FCC12C9-1D1B-4D2E-87B5-DCCE5F484B5E} = {38EE06E0-448A-41F9-875F-9BF02187B93D}
		{A7D2BE5D-8FF0-4F0F-A0EF-DE02A3A335C6} = {38EE06E0-448A-41F9-875F-9BF02187B93D}
		{638047D4-DFB9-46D8-83C8-5756146AFFE7} = {9E2B040E-E199-43E3-80A3-69D4DAAB3F70}
		{E3E3A69D-DFBA-4BA2-A26B-B79A6ED83C08} = {9E2B040E-E199-43E3-80A3-69D4DAAB3F70}
		{9D46401F-3874-4937-BC55-9C38EFDC75DD} = {9E2B040E-E199-43E3-80A3-69D4DAAB3F70}
		{2D232664-AFC6-4DC7-B471-1122EAD4FF7F} = {1AB14F64-52D4-430D-A7C3-901908216552}
		{7504B925-1FB4-4474-9FB1-80596E9DF4DF} = {1AB14F64-52D4-430D-A7C3-901908216552}
		{3B4DE1F8-11C3-43EA-BFCD-1321A4DA7B71} = {1AB14F64-52D4-430D-A7C3-901908216552}
		{ABACCC37-C554-4FD8-A6B2-7F513A861B2F} = {493CBA6E-87EE-4B43-952B-8371418E6605}
		{0FE0B738-50CD-4B7B-A3DF-23C9CB9455A3} = {493CBA6E-87EE-4B43-952B-8371418E6605}
		{813972D4-D762-4DEA-85F6-6A375669049C} = {493CBA6E-87EE-4B43-952B-8371418E6605}
	EndGlobalSection
	GlobalSection(ExtensibilityGlobals) = postSolution
		SolutionGuid = {3BEE7431-EA83-4318-899E-5044A8C47946}
	EndGlobalSection
EndGlobal
